// !$*UTF8*$!
{
	archiveVersion = 1;
	classes = {
	};
	objectVersion = 50;
	objects = {

/* Begin PBXBuildFile section */
		A84FE4B522908D6C00D8CCB4 /* AppDelegate.swift in Sources */ = {isa = PBXBuildFile; fileRef = A84FE4B422908D6C00D8CCB4 /* AppDelegate.swift */; };
		A84FE4B722908D6C00D8CCB4 /* ViewController.swift in Sources */ = {isa = PBXBuildFile; fileRef = A84FE4B622908D6C00D8CCB4 /* ViewController.swift */; };
		A84FE4BA22908D6C00D8CCB4 /* Main.storyboard in Resources */ = {isa = PBXBuildFile; fileRef = A84FE4B822908D6C00D8CCB4 /* Main.storyboard */; };
		A84FE4BC22908D6E00D8CCB4 /* Assets.xcassets in Resources */ = {isa = PBXBuildFile; fileRef = A84FE4BB22908D6E00D8CCB4 /* Assets.xcassets */; };
		A84FE4BF22908D6E00D8CCB4 /* LaunchScreen.storyboard in Resources */ = {isa = PBXBuildFile; fileRef = A84FE4BD22908D6E00D8CCB4 /* LaunchScreen.storyboard */; };
		A84FE4CA22908D6E00D8CCB4 /* QuizTests.swift in Sources */ = {isa = PBXBuildFile; fileRef = A84FE4C922908D6E00D8CCB4 /* QuizTests.swift */; };
		A84FE4D522908D6E00D8CCB4 /* QuizUITests.swift in Sources */ = {isa = PBXBuildFile; fileRef = A84FE4D422908D6E00D8CCB4 /* QuizUITests.swift */; };
/* End PBXBuildFile section */

/* Begin PBXContainerItemProxy section */
		A84FE4C622908D6E00D8CCB4 /* PBXContainerItemProxy */ = {
			isa = PBXContainerItemProxy;
			containerPortal = A84FE4A922908D6C00D8CCB4 /* Project object */;
			proxyType = 1;
			remoteGlobalIDString = A84FE4B022908D6C00D8CCB4;
			remoteInfo = Quiz;
		};
		A84FE4D122908D6E00D8CCB4 /* PBXContainerItemProxy */ = {
			isa = PBXContainerItemProxy;
			containerPortal = A84FE4A922908D6C00D8CCB4 /* Project object */;
			proxyType = 1;
			remoteGlobalIDString = A84FE4B022908D6C00D8CCB4;
			remoteInfo = Quiz;
		};
/* End PBXContainerItemProxy section */

/* Begin PBXFileReference section */
		A84FE4B122908D6C00D8CCB4 /* Quiz.app */ = {isa = PBXFileReference; explicitFileType = wrapper.application; includeInIndex = 0; path = Quiz.app; sourceTree = BUILT_PRODUCTS_DIR; };
		A84FE4B422908D6C00D8CCB4 /* AppDelegate.swift */ = {isa = PBXFileReference; lastKnownFileType = sourcecode.swift; path = AppDelegate.swift; sourceTree = "<group>"; };
		A84FE4B622908D6C00D8CCB4 /* ViewController.swift */ = {isa = PBXFileReference; lastKnownFileType = sourcecode.swift; path = ViewController.swift; sourceTree = "<group>"; };
		A84FE4B922908D6C00D8CCB4 /* Base */ = {isa = PBXFileReference; lastKnownFileType = file.storyboard; name = Base; path = Base.lproj/Main.storyboard; sourceTree = "<group>"; };
		A84FE4BB22908D6E00D8CCB4 /* Assets.xcassets */ = {isa = PBXFileReference; lastKnownFileType = folder.assetcatalog; path = Assets.xcassets; sourceTree = "<group>"; };
		A84FE4BE22908D6E00D8CCB4 /* Base */ = {isa = PBXFileReference; lastKnownFileType = file.storyboard; name = Base; path = Base.lproj/LaunchScreen.storyboard; sourceTree = "<group>"; };
		A84FE4C022908D6E00D8CCB4 /* Info.plist */ = {isa = PBXFileReference; lastKnownFileType = text.plist.xml; path = Info.plist; sourceTree = "<group>"; };
		A84FE4C522908D6E00D8CCB4 /* QuizTests.xctest */ = {isa = PBXFileReference; explicitFileType = wrapper.cfbundle; includeInIndex = 0; path = QuizTests.xctest; sourceTree = BUILT_PRODUCTS_DIR; };
		A84FE4C922908D6E00D8CCB4 /* QuizTests.swift */ = {isa = PBXFileReference; lastKnownFileType = sourcecode.swift; path = QuizTests.swift; sourceTree = "<group>"; };
		A84FE4CB22908D6E00D8CCB4 /* Info.plist */ = {isa = PBXFileReference; lastKnownFileType = text.plist.xml; path = Info.plist; sourceTree = "<group>"; };
		A84FE4D022908D6E00D8CCB4 /* QuizUITests.xctest */ = {isa = PBXFileReference; explicitFileType = wrapper.cfbundle; includeInIndex = 0; path = QuizUITests.xctest; sourceTree = BUILT_PRODUCTS_DIR; };
		A84FE4D422908D6E00D8CCB4 /* QuizUITests.swift */ = {isa = PBXFileReference; lastKnownFileType = sourcecode.swift; path = QuizUITests.swift; sourceTree = "<group>"; };
		A84FE4D622908D6E00D8CCB4 /* Info.plist */ = {isa = PBXFileReference; lastKnownFileType = text.plist.xml; path = Info.plist; sourceTree = "<group>"; };
/* End PBXFileReference section */

/* Begin PBXFrameworksBuildPhase section */
		A84FE4AE22908D6C00D8CCB4 /* Frameworks */ = {
			isa = PBXFrameworksBuildPhase;
			buildActionMask = 2147483647;
			files = (
			);
			runOnlyForDeploymentPostprocessing = 0;
		};
		A84FE4C222908D6E00D8CCB4 /* Frameworks */ = {
			isa = PBXFrameworksBuildPhase;
			buildActionMask = 2147483647;
			files = (
			);
			runOnlyForDeploymentPostprocessing = 0;
		};
		A84FE4CD22908D6E00D8CCB4 /* Frameworks */ = {
			isa = PBXFrameworksBuildPhase;
			buildActionMask = 2147483647;
			files = (
			);
			runOnlyForDeploymentPostprocessing = 0;
		};
/* End PBXFrameworksBuildPhase section */

/* Begin PBXGroup section */
		A84FE4A822908D6C00D8CCB4 = {
			isa = PBXGroup;
			children = (
				A84FE4B322908D6C00D8CCB4 /* Quiz */,
				A84FE4C822908D6E00D8CCB4 /* QuizTests */,
				A84FE4D322908D6E00D8CCB4 /* QuizUITests */,
				A84FE4B222908D6C00D8CCB4 /* Products */,
			);
			sourceTree = "<group>";
		};
		A84FE4B222908D6C00D8CCB4 /* Products */ = {
			isa = PBXGroup;
			children = (
				A84FE4B122908D6C00D8CCB4 /* Quiz.app */,
				A84FE4C522908D6E00D8CCB4 /* QuizTests.xctest */,
				A84FE4D022908D6E00D8CCB4 /* QuizUITests.xctest */,
			);
			name = Products;
			sourceTree = "<group>";
		};
		A84FE4B322908D6C00D8CCB4 /* Quiz */ = {
			isa = PBXGroup;
			children = (
				A84FE4B422908D6C00D8CCB4 /* AppDelegate.swift */,
				A84FE4B622908D6C00D8CCB4 /* ViewController.swift */,
				A84FE4B822908D6C00D8CCB4 /* Main.storyboard */,
				A84FE4BB22908D6E00D8CCB4 /* Assets.xcassets */,
				A84FE4BD22908D6E00D8CCB4 /* LaunchScreen.storyboard */,
				A84FE4C022908D6E00D8CCB4 /* Info.plist */,
			);
			path = Quiz;
			sourceTree = "<group>";
		};
		A84FE4C822908D6E00D8CCB4 /* QuizTests */ = {
			isa = PBXGroup;
			children = (
				A84FE4C922908D6E00D8CCB4 /* QuizTests.swift */,
				A84FE4CB22908D6E00D8CCB4 /* Info.plist */,
			);
			path = QuizTests;
			sourceTree = "<group>";
		};
		A84FE4D322908D6E00D8CCB4 /* QuizUITests */ = {
			isa = PBXGroup;
			children = (
				A84FE4D422908D6E00D8CCB4 /* QuizUITests.swift */,
				A84FE4D622908D6E00D8CCB4 /* Info.plist */,
			);
			path = QuizUITests;
			sourceTree = "<group>";
		};
/* End PBXGroup section */

/* Begin PBXNativeTarget section */
		A84FE4B022908D6C00D8CCB4 /* Quiz */ = {
			isa = PBXNativeTarget;
			buildConfigurationList = A84FE4D922908D6E00D8CCB4 /* Build configuration list for PBXNativeTarget "Quiz" */;
			buildPhases = (
				A84FE4AD22908D6C00D8CCB4 /* Sources */,
				A84FE4AE22908D6C00D8CCB4 /* Frameworks */,
				A84FE4AF22908D6C00D8CCB4 /* Resources */,
			);
			buildRules = (
			);
			dependencies = (
			);
			name = Quiz;
			productName = Quiz;
			productReference = A84FE4B122908D6C00D8CCB4 /* Quiz.app */;
			productType = "com.apple.product-type.application";
		};
		A84FE4C422908D6E00D8CCB4 /* QuizTests */ = {
			isa = PBXNativeTarget;
			buildConfigurationList = A84FE4DC22908D6E00D8CCB4 /* Build configuration list for PBXNativeTarget "QuizTests" */;
			buildPhases = (
				A84FE4C122908D6E00D8CCB4 /* Sources */,
				A84FE4C222908D6E00D8CCB4 /* Frameworks */,
				A84FE4C322908D6E00D8CCB4 /* Resources */,
			);
			buildRules = (
			);
			dependencies = (
				A84FE4C722908D6E00D8CCB4 /* PBXTargetDependency */,
			);
			name = QuizTests;
			productName = QuizTests;
			productReference = A84FE4C522908D6E00D8CCB4 /* QuizTests.xctest */;
			productType = "com.apple.product-type.bundle.unit-test";
		};
		A84FE4CF22908D6E00D8CCB4 /* QuizUITests */ = {
			isa = PBXNativeTarget;
			buildConfigurationList = A84FE4DF22908D6E00D8CCB4 /* Build configuration list for PBXNativeTarget "QuizUITests" */;
			buildPhases = (
				A84FE4CC22908D6E00D8CCB4 /* Sources */,
				A84FE4CD22908D6E00D8CCB4 /* Frameworks */,
				A84FE4CE22908D6E00D8CCB4 /* Resources */,
			);
			buildRules = (
			);
			dependencies = (
				A84FE4D222908D6E00D8CCB4 /* PBXTargetDependency */,
			);
			name = QuizUITests;
			productName = QuizUITests;
			productReference = A84FE4D022908D6E00D8CCB4 /* QuizUITests.xctest */;
			productType = "com.apple.product-type.bundle.ui-testing";
		};
/* End PBXNativeTarget section */

/* Begin PBXProject section */
		A84FE4A922908D6C00D8CCB4 /* Project object */ = {
			isa = PBXProject;
			attributes = {
				LastSwiftUpdateCheck = 0940;
				LastUpgradeCheck = 0940;
				ORGANIZATIONNAME = "Jen Gilbert";
				TargetAttributes = {
					A84FE4B022908D6C00D8CCB4 = {
						CreatedOnToolsVersion = 9.4.1;
					};
					A84FE4C422908D6E00D8CCB4 = {
						CreatedOnToolsVersion = 9.4.1;
						TestTargetID = A84FE4B022908D6C00D8CCB4;
					};
					A84FE4CF22908D6E00D8CCB4 = {
						CreatedOnToolsVersion = 9.4.1;
						TestTargetID = A84FE4B022908D6C00D8CCB4;
					};
				};
			};
			buildConfigurationList = A84FE4AC22908D6C00D8CCB4 /* Build configuration list for PBXProject "Quiz" */;
			compatibilityVersion = "Xcode 9.3";
			developmentRegion = en;
			hasScannedForEncodings = 0;
			knownRegions = (
				en,
				Base,
			);
			mainGroup = A84FE4A822908D6C00D8CCB4;
			productRefGroup = A84FE4B222908D6C00D8CCB4 /* Products */;
			projectDirPath = "";
			projectRoot = "";
			targets = (
				A84FE4B022908D6C00D8CCB4 /* Quiz */,
				A84FE4C422908D6E00D8CCB4 /* QuizTests */,
				A84FE4CF22908D6E00D8CCB4 /* QuizUITests */,
			);
		};
/* End PBXProject section */

/* Begin PBXResourcesBuildPhase section */
		A84FE4AF22908D6C00D8CCB4 /* Resources */ = {
			isa = PBXResourcesBuildPhase;
			buildActionMask = 2147483647;
			files = (
				A84FE4BF22908D6E00D8CCB4 /* LaunchScreen.storyboard in Resources */,
				A84FE4BC22908D6E00D8CCB4 /* Assets.xcassets in Resources */,
				A84FE4BA22908D6C00D8CCB4 /* Main.storyboard in Resources */,
			);
			runOnlyForDeploymentPostprocessing = 0;
		};
		A84FE4C322908D6E00D8CCB4 /* Resources */ = {
			isa = PBXResourcesBuildPhase;
			buildActionMask = 2147483647;
			files = (
			);
			runOnlyForDeploymentPostprocessing = 0;
		};
		A84FE4CE22908D6E00D8CCB4 /* Resources */ = {
			isa = PBXResourcesBuildPhase;
			buildActionMask = 2147483647;
			files = (
			);
			runOnlyForDeploymentPostprocessing = 0;
		};
/* End PBXResourcesBuildPhase section */

/* Begin PBXSourcesBuildPhase section */
		A84FE4AD22908D6C00D8CCB4 /* Sources */ = {
			isa = PBXSourcesBuildPhase;
			buildActionMask = 2147483647;
			files = (
				A84FE4B722908D6C00D8CCB4 /* ViewController.swift in Sources */,
				A84FE4B522908D6C00D8CCB4 /* AppDelegate.swift in Sources */,
			);
			runOnlyForDeploymentPostprocessing = 0;
		};
		A84FE4C122908D6E00D8CCB4 /* Sources */ = {
			isa = PBXSourcesBuildPhase;
			buildActionMask = 2147483647;
			files = (
				A84FE4CA22908D6E00D8CCB4 /* QuizTests.swift in Sources */,
			);
			runOnlyForDeploymentPostprocessing = 0;
		};
		A84FE4CC22908D6E00D8CCB4 /* Sources */ = {
			isa = PBXSourcesBuildPhase;
			buildActionMask = 2147483647;
			files = (
				A84FE4D522908D6E00D8CCB4 /* QuizUITests.swift in Sources */,
			);
			runOnlyForDeploymentPostprocessing = 0;
		};
/* End PBXSourcesBuildPhase section */

/* Begin PBXTargetDependency section */
		A84FE4C722908D6E00D8CCB4 /* PBXTargetDependency */ = {
			isa = PBXTargetDependency;
			target = A84FE4B022908D6C00D8CCB4 /* Quiz */;
			targetProxy = A84FE4C622908D6E00D8CCB4 /* PBXContainerItemProxy */;
		};
		A84FE4D222908D6E00D8CCB4 /* PBXTargetDependency */ = {
			isa = PBXTargetDependency;
			target = A84FE4B022908D6C00D8CCB4 /* Quiz */;
			targetProxy = A84FE4D122908D6E00D8CCB4 /* PBXContainerItemProxy */;
		};
/* End PBXTargetDependency section */

/* Begin PBXVariantGroup section */
		A84FE4B822908D6C00D8CCB4 /* Main.storyboard */ = {
			isa = PBXVariantGroup;
			children = (
				A84FE4B922908D6C00D8CCB4 /* Base */,
			);
			name = Main.storyboard;
			sourceTree = "<group>";
		};
		A84FE4BD22908D6E00D8CCB4 /* LaunchScreen.storyboard */ = {
			isa = PBXVariantGroup;
			children = (
				A84FE4BE22908D6E00D8CCB4 /* Base */,
			);
			name = LaunchScreen.storyboard;
			sourceTree = "<group>";
		};
/* End PBXVariantGroup section */

/* Begin XCBuildConfiguration section */
		A84FE4D722908D6E00D8CCB4 /* Debug */ = {
			isa = XCBuildConfiguration;
			buildSettings = {
				ALWAYS_SEARCH_USER_PATHS = NO;
				CLANG_ANALYZER_NONNULL = YES;
				CLANG_ANALYZER_NUMBER_OBJECT_CONVERSION = YES_AGGRESSIVE;
				CLANG_CXX_LANGUAGE_STANDARD = "gnu++14";
				CLANG_CXX_LIBRARY = "libc++";
				CLANG_ENABLE_MODULES = YES;
				CLANG_ENABLE_OBJC_ARC = YES;
				CLANG_ENABLE_OBJC_WEAK = YES;
				CLANG_WARN_BLOCK_CAPTURE_AUTORELEASING = YES;
				CLANG_WARN_BOOL_CONVERSION = YES;
				CLANG_WARN_COMMA = YES;
				CLANG_WARN_CONSTANT_CONVERSION = YES;
				CLANG_WARN_DEPRECATED_OBJC_IMPLEMENTATIONS = YES;
				CLANG_WARN_DIRECT_OBJC_ISA_USAGE = YES_ERROR;
				CLANG_WARN_DOCUMENTATION_COMMENTS = YES;
				CLANG_WARN_EMPTY_BODY = YES;
				CLANG_WARN_ENUM_CONVERSION = YES;
				CLANG_WARN_INFINITE_RECURSION = YES;
				CLANG_WARN_INT_CONVERSION = YES;
				CLANG_WARN_NON_LITERAL_NULL_CONVERSION = YES;
				CLANG_WARN_OBJC_IMPLICIT_RETAIN_SELF = YES;
				CLANG_WARN_OBJC_LITERAL_CONVERSION = YES;
				CLANG_WARN_OBJC_ROOT_CLASS = YES_ERROR;
				CLANG_WARN_RANGE_LOOP_ANALYSIS = YES;
				CLANG_WARN_STRICT_PROTOTYPES = YES;
				CLANG_WARN_SUSPICIOUS_MOVE = YES;
				CLANG_WARN_UNGUARDED_AVAILABILITY = YES_AGGRESSIVE;
				CLANG_WARN_UNREACHABLE_CODE = YES;
				CLANG_WARN__DUPLICATE_METHOD_MATCH = YES;
				CODE_SIGN_IDENTITY = "iPhone Developer";
				COPY_PHASE_STRIP = NO;
				DEBUG_INFORMATION_FORMAT = dwarf;
				ENABLE_STRICT_OBJC_MSGSEND = YES;
				ENABLE_TESTABILITY = YES;
				GCC_C_LANGUAGE_STANDARD = gnu11;
				GCC_DYNAMIC_NO_PIC = NO;
				GCC_NO_COMMON_BLOCKS = YES;
				GCC_OPTIMIZATION_LEVEL = 0;
				GCC_PREPROCESSOR_DEFINITIONS = (
					"DEBUG=1",
					"$(inherited)",
				);
				GCC_WARN_64_TO_32_BIT_CONVERSION = YES;
				GCC_WARN_ABOUT_RETURN_TYPE = YES_ERROR;
				GCC_WARN_UNDECLARED_SELECTOR = YES;
				GCC_WARN_UNINITIALIZED_AUTOS = YES_AGGRESSIVE;
				GCC_WARN_UNUSED_FUNCTION = YES;
				GCC_WARN_UNUSED_VARIABLE = YES;
				IPHONEOS_DEPLOYMENT_TARGET = 11.4;
				MTL_ENABLE_DEBUG_INFO = YES;
				ONLY_ACTIVE_ARCH = YES;
				SDKROOT = iphoneos;
				SWIFT_ACTIVE_COMPILATION_CONDITIONS = DEBUG;
				SWIFT_OPTIMIZATION_LEVEL = "-Onone";
			};
			name = Debug;
		};
		A84FE4D822908D6E00D8CCB4 /* Release */ = {
			isa = XCBuildConfiguration;
			buildSettings = {
				ALWAYS_SEARCH_USER_PATHS = NO;
				CLANG_ANALYZER_NONNULL = YES;
				CLANG_ANALYZER_NUMBER_OBJECT_CONVERSION = YES_AGGRESSIVE;
				CLANG_CXX_LANGUAGE_STANDARD = "gnu++14";
				CLANG_CXX_LIBRARY = "libc++";
				CLANG_ENABLE_MODULES = YES;
				CLANG_ENABLE_OBJC_ARC = YES;
				CLANG_ENABLE_OBJC_WEAK = YES;
				CLANG_WARN_BLOCK_CAPTURE_AUTORELEASING = YES;
				CLANG_WARN_BOOL_CONVERSION = YES;
				CLANG_WARN_COMMA = YES;
				CLANG_WARN_CONSTANT_CONVERSION = YES;
				CLANG_WARN_DEPRECATED_OBJC_IMPLEMENTATIONS = YES;
				CLANG_WARN_DIRECT_OBJC_ISA_USAGE = YES_ERROR;
				CLANG_WARN_DOCUMENTATION_COMMENTS = YES;
				CLANG_WARN_EMPTY_BODY = YES;
				CLANG_WARN_ENUM_CONVERSION = YES;
				CLANG_WARN_INFINITE_RECURSION = YES;
				CLANG_WARN_INT_CONVERSION = YES;
				CLANG_WARN_NON_LITERAL_NULL_CONVERSION = YES;
				CLANG_WARN_OBJC_IMPLICIT_RETAIN_SELF = YES;
				CLANG_WARN_OBJC_LITERAL_CONVERSION = YES;
				CLANG_WARN_OBJC_ROOT_CLASS = YES_ERROR;
				CLANG_WARN_RANGE_LOOP_ANALYSIS = YES;
				CLANG_WARN_STRICT_PROTOTYPES = YES;
				CLANG_WARN_SUSPICIOUS_MOVE = YES;
				CLANG_WARN_UNGUARDED_AVAILABILITY = YES_AGGRESSIVE;
				CLANG_WARN_UNREACHABLE_CODE = YES;
				CLANG_WARN__DUPLICATE_METHOD_MATCH = YES;
				CODE_SIGN_IDENTITY = "iPhone Developer";
				COPY_PHASE_STRIP = NO;
				DEBUG_INFORMATION_FORMAT = "dwarf-with-dsym";
				ENABLE_NS_ASSERTIONS = NO;
				ENABLE_STRICT_OBJC_MSGSEND = YES;
				GCC_C_LANGUAGE_STANDARD = gnu11;
				GCC_NO_COMMON_BLOCKS = YES;
				GCC_WARN_64_TO_32_BIT_CONVERSION = YES;
				GCC_WARN_ABOUT_RETURN_TYPE = YES_ERROR;
				GCC_WARN_UNDECLARED_SELECTOR = YES;
				GCC_WARN_UNINITIALIZED_AUTOS = YES_AGGRESSIVE;
				GCC_WARN_UNUSED_FUNCTION = YES;
				GCC_WARN_UNUSED_VARIABLE = YES;
				IPHONEOS_DEPLOYMENT_TARGET = 11.4;
				MTL_ENABLE_DEBUG_INFO = NO;
				SDKROOT = iphoneos;
				SWIFT_COMPILATION_MODE = wholemodule;
				SWIFT_OPTIMIZATION_LEVEL = "-O";
				VALIDATE_PRODUCT = YES;
			};
			name = Release;
		};
		A84FE4DA22908D6E00D8CCB4 /* Debug */ = {
			isa = XCBuildConfiguration;
			buildSettings = {
				ASSETCATALOG_COMPILER_APPICON_NAME = AppIcon;
				CODE_SIGN_STYLE = Automatic;
				INFOPLIST_FILE = Quiz/Info.plist;
				LD_RUNPATH_SEARCH_PATHS = (
					"$(inherited)",
					"@executable_path/Frameworks",
				);
				PRODUCT_BUNDLE_IDENTIFIER = com.jengilbert.Quiz;
				PRODUCT_NAME = "$(TARGET_NAME)";
				SWIFT_VERSION = 4.0;
				TARGETED_DEVICE_FAMILY = "1,2";
			};
			name = Debug;
		};
		A84FE4DB22908D6E00D8CCB4 /* Release */ = {
			isa = XCBuildConfiguration;
			buildSettings = {
				ASSETCATALOG_COMPILER_APPICON_NAME = AppIcon;
				CODE_SIGN_STYLE = Automatic;
				INFOPLIST_FILE = Quiz/Info.plist;
				LD_RUNPATH_SEARCH_PATHS = (
					"$(inherited)",
					"@executable_path/Frameworks",
				);
				PRODUCT_BUNDLE_IDENTIFIER = com.jengilbert.Quiz;
				PRODUCT_NAME = "$(TARGET_NAME)";
				SWIFT_VERSION = 4.0;
				TARGETED_DEVICE_FAMILY = "1,2";
			};
			name = Release;
		};
		A84FE4DD22908D6E00D8CCB4 /* Debug */ = {
			isa = XCBuildConfiguration;
			buildSettings = {
				ALWAYS_EMBED_SWIFT_STANDARD_LIBRARIES = YES;
				BUNDLE_LOADER = "$(TEST_HOST)";
				CODE_SIGN_STYLE = Automatic;
				INFOPLIST_FILE = QuizTests/Info.plist;
				LD_RUNPATH_SEARCH_PATHS = (
					"$(inherited)",
					"@executable_path/Frameworks",
					"@loader_path/Frameworks",
				);
				PRODUCT_BUNDLE_IDENTIFIER = com.jengilbert.QuizTests;
				PRODUCT_NAME = "$(TARGET_NAME)";
				SWIFT_VERSION = 4.0;
				TARGETED_DEVICE_FAMILY = "1,2";
				TEST_HOST = "$(BUILT_PRODUCTS_DIR)/Quiz.app/Quiz";
			};
			name = Debug;
		};
		A84FE4DE22908D6E00D8CCB4 /* Release */ = {
			isa = XCBuildConfiguration;
			buildSettings = {
				ALWAYS_EMBED_SWIFT_STANDARD_LIBRARIES = YES;
				BUNDLE_LOADER = "$(TEST_HOST)";
				CODE_SIGN_STYLE = Automatic;
				INFOPLIST_FILE = QuizTests/Info.plist;
				LD_RUNPATH_SEARCH_PATHS = (
					"$(inherited)",
					"@executable_path/Frameworks",
					"@loader_path/Frameworks",
				);
				PRODUCT_BUNDLE_IDENTIFIER = com.jengilbert.QuizTests;
				PRODUCT_NAME = "$(TARGET_NAME)";
				SWIFT_VERSION = 4.0;
				TARGETED_DEVICE_FAMILY = "1,2";
				TEST_HOST = "$(BUILT_PRODUCTS_DIR)/Quiz.app/Quiz";
			};
			name = Release;
		};
		A84FE4E022908D6E00D8CCB4 /* Debug */ = {
			isa = XCBuildConfiguration;
			buildSettings = {
				ALWAYS_EMBED_SWIFT_STANDARD_LIBRARIES = YES;
				CODE_SIGN_STYLE = Automatic;
				INFOPLIST_FILE = QuizUITests/Info.plist;
				LD_RUNPATH_SEARCH_PATHS = (
					"$(inherited)",
					"@executable_path/Frameworks",
					"@loader_path/Frameworks",
				);
				PRODUCT_BUNDLE_IDENTIFIER = com.jengilbert.QuizUITests;
				PRODUCT_NAME = "$(TARGET_NAME)";
				SWIFT_VERSION = 4.0;
				TARGETED_DEVICE_FAMILY = "1,2";
				TEST_TARGET_NAME = Quiz;
			};
			name = Debug;
		};
		A84FE4E122908D6E00D8CCB4 /* Release */ = {
			isa = XCBuildConfiguration;
			buildSettings = {
				ALWAYS_EMBED_SWIFT_STANDARD_LIBRARIES = YES;
				CODE_SIGN_STYLE = Automatic;
				INFOPLIST_FILE = QuizUITests/Info.plist;
				LD_RUNPATH_SEARCH_PATHS = (
					"$(inherited)",
					"@executable_path/Frameworks",
					"@loader_path/Frameworks",
				);
				PRODUCT_BUNDLE_IDENTIFIER = com.jengilbert.QuizUITests;
				PRODUCT_NAME = "$(TARGET_NAME)";
				SWIFT_VERSION = 4.0;
				TARGETED_DEVICE_FAMILY = "1,2";
				TEST_TARGET_NAME = Quiz;
			};
			name = Release;
		};
/* End XCBuildConfiguration section */

/* Begin XCConfigurationList section */
		A84FE4AC22908D6C00D8CCB4 /* Build configuration list for PBXProject "Quiz" */ = {
			isa = XCConfigurationList;
			buildConfigurations = (
				A84FE4D722908D6E00D8CCB4 /* Debug */,
				A84FE4D822908D6E00D8CCB4 /* Release */,
			);
			defaultConfigurationIsVisible = 0;
			defaultConfigurationName = Release;
		};
		A84FE4D922908D6E00D8CCB4 /* Build configuration list for PBXNativeTarget "Quiz" */ = {
			isa = XCConfigurationList;
			buildConfigurations = (
				A84FE4DA22908D6E00D8CCB4 /* Debug */,
				A84FE4DB22908D6E00D8CCB4 /* Release */,
			);
			defaultConfigurationIsVisible = 0;
			defaultConfigurationName = Release;
		};
		A84FE4DC22908D6E00D8CCB4 /* Build configuration list for PBXNativeTarget "QuizTests" */ = {
			isa = XCConfigurationList;
			buildConfigurations = (
				A84FE4DD22908D6E00D8CCB4 /* Debug */,
				A84FE4DE22908D6E00D8CCB4 /* Release */,
			);
			defaultConfigurationIsVisible = 0;
			defaultConfigurationName = Release;
		};
		A84FE4DF22908D6E00D8CCB4 /* Build configuration list for PBXNativeTarget "QuizUITests" */ = {
			isa = XCConfigurationList;
			buildConfigurations = (
				A84FE4E022908D6E00D8CCB4 /* Debug */,
				A84FE4E122908D6E00D8CCB4 /* Release */,
			);
			defaultConfigurationIsVisible = 0;
			defaultConfigurationName = Release;
		};
/* End XCConfigurationList section */
	};
	rootObject = A84FE4A922908D6C00D8CCB4 /* Project object */;
}
